
Microsoft Visual Studio Solution File, Format Version 12.00
# Visual Studio Version 17
VisualStudioVersion = 17.9.34622.214
MinimumVisualStudioVersion = 10.0.40219.1
Project("{FAE04EC0-301F-11D3-BF4B-00C04F79EFBC}") = "Task10.Infrastructure", "Task10\Task10.Infrastructure.csproj", "{B107436D-2568-4937-91AF-1F2C65C12EB4}"
EndProject
Project("{FAE04EC0-301F-11D3-BF4B-00C04F79EFBC}") = "Task10.Core", "Task10.Core\Task10.Core.csproj", "{8A0259FB-FE70-49C0-8218-072572CA05AA}"
EndProject
Project("{FAE04EC0-301F-11D3-BF4B-00C04F79EFBC}") = "Task10.UI", "Task10.UI\Task10.UI.csproj", "{015F0DA2-51F5-4368-8B71-BAA2720F1470}"
EndProject
Global
	GlobalSection(SolutionConfigurationPlatforms) = preSolution
		Debug|Any CPU = Debug|Any CPU
		Release|Any CPU = Release|Any CPU
	EndGlobalSection
	GlobalSection(ProjectConfigurationPlatforms) = postSolution
		{B107436D-2568-4937-91AF-1F2C65C12EB4}.Debug|Any CPU.ActiveCfg = Debug|Any CPU
		{B107436D-2568-4937-91AF-1F2C65C12EB4}.Debug|Any CPU.Build.0 = Debug|Any CPU
		{B107436D-2568-4937-91AF-1F2C65C12EB4}.Release|Any CPU.ActiveCfg = Release|Any CPU
		{B107436D-2568-4937-91AF-1F2C65C12EB4}.Release|Any CPU.Build.0 = Release|Any CPU
		{8A0259FB-FE70-49C0-8218-072572CA05AA}.Debug|Any CPU.ActiveCfg = Debug|Any CPU
		{8A0259FB-FE70-49C0-8218-072572CA05AA}.Debug|Any CPU.Build.0 = Debug|Any CPU
		{8A0259FB-FE70-49C0-8218-072572CA05AA}.Release|Any CPU.ActiveCfg = Release|Any CPU
		{8A0259FB-FE70-49C0-8218-072572CA05AA}.Release|Any CPU.Build.0 = Release|Any CPU
		{015F0DA2-51F5-4368-8B71-BAA2720F1470}.Debug|Any CPU.ActiveCfg = Debug|Any CPU
		{015F0DA2-51F5-4368-8B71-BAA2720F1470}.Debug|Any CPU.Build.0 = Debug|Any CPU
		{015F0DA2-51F5-4368-8B71-BAA2720F1470}.Release|Any CPU.ActiveCfg = Release|Any CPU
		{015F0DA2-51F5-4368-8B71-BAA2720F1470}.Release|Any CPU.Build.0 = Release|Any CPU
	EndGlobalSection
	GlobalSection(SolutionProperties) = preSolution
		HideSolutionNode = FALSE
	EndGlobalSection
	GlobalSection(ExtensibilityGlobals) = postSolution
		SolutionGuid = {7915839F-C194-48EB-8190-C32506F032DA}
	EndGlobalSection
EndGlobal
